
Microsoft Visual Studio Solution File, Format Version 12.00
# Visual Studio Version 17
VisualStudioVersion = 17.3.32819.101
MinimumVisualStudioVersion = 10.0.40219.1
Project("{FAE04EC0-301F-11D3-BF4B-00C04F79EFBC}") = "21.3", "21.3\21.3.csproj", "{98D3FA46-C193-4214-8E86-B3A473F02814}"
EndProject
Global
	GlobalSection(SolutionConfigurationPlatforms) = preSolution
		Debug|Any CPU = Debug|Any CPU
		Release|Any CPU = Release|Any CPU
	EndGlobalSection
	GlobalSection(ProjectConfigurationPlatforms) = postSolution
		{98D3FA46-C193-4214-8E86-B3A473F02814}.Debug|Any CPU.ActiveCfg = Debug|Any CPU
		{98D3FA46-C193-4214-8E86-B3A473F02814}.Debug|Any CPU.Build.0 = Debug|Any CPU
		{98D3FA46-C193-4214-8E86-B3A473F02814}.Release|Any CPU.ActiveCfg = Release|Any CPU
		{98D3FA46-C193-4214-8E86-B3A473F02814}.Release|Any CPU.Build.0 = Release|Any CPU
	EndGlobalSection
	GlobalSection(SolutionProperties) = preSolution
		HideSolutionNode = FALSE
	EndGlobalSection
	GlobalSection(ExtensibilityGlobals) = postSolution
		SolutionGuid = {4AF46C1C-A344-44BA-97BB-682FD0153683}
	EndGlobalSection
EndGlobal
